// !$*UTF8*$!
{
	archiveVersion = 1;
	classes = {
	};
	objectVersion = 50;
	objects = {

/* Begin PBXBuildFile section */
		22C7A0DA2202883F007913CF /* AppDelegate.swift in Sources */ = {isa = PBXBuildFile; fileRef = 22C7A0D92202883F007913CF /* AppDelegate.swift */; };
		22C7A0DC2202883F007913CF /* ViewController.swift in Sources */ = {isa = PBXBuildFile; fileRef = 22C7A0DB2202883F007913CF /* ViewController.swift */; };
		22C7A0DF2202883F007913CF /* Main.storyboard in Resources */ = {isa = PBXBuildFile; fileRef = 22C7A0DD2202883F007913CF /* Main.storyboard */; };
		22C7A0E122028841007913CF /* Assets.xcassets in Resources */ = {isa = PBXBuildFile; fileRef = 22C7A0E022028841007913CF /* Assets.xcassets */; };
		22C7A0E422028841007913CF /* LaunchScreen.storyboard in Resources */ = {isa = PBXBuildFile; fileRef = 22C7A0E222028841007913CF /* LaunchScreen.storyboard */; };
		22C7A0EF22028841007913CF /* Hardware_IOSTests.swift in Sources */ = {isa = PBXBuildFile; fileRef = 22C7A0EE22028841007913CF /* Hardware_IOSTests.swift */; };
		22C7A0FA22028842007913CF /* Hardware_IOSUITests.swift in Sources */ = {isa = PBXBuildFile; fileRef = 22C7A0F922028842007913CF /* Hardware_IOSUITests.swift */; };
/* End PBXBuildFile section */

/* Begin PBXContainerItemProxy section */
		22C7A0EB22028841007913CF /* PBXContainerItemProxy */ = {
			isa = PBXContainerItemProxy;
			containerPortal = 22C7A0CE2202883F007913CF /* Project object */;
			proxyType = 1;
			remoteGlobalIDString = 22C7A0D52202883F007913CF;
			remoteInfo = Hardware_IOS;
		};
		22C7A0F622028842007913CF /* PBXContainerItemProxy */ = {
			isa = PBXContainerItemProxy;
			containerPortal = 22C7A0CE2202883F007913CF /* Project object */;
			proxyType = 1;
			remoteGlobalIDString = 22C7A0D52202883F007913CF;
			remoteInfo = Hardware_IOS;
		};
/* End PBXContainerItemProxy section */

/* Begin PBXFileReference section */
		22C7A0D62202883F007913CF /* Hardware_IOS.app */ = {isa = PBXFileReference; explicitFileType = wrapper.application; includeInIndex = 0; path = Hardware_IOS.app; sourceTree = BUILT_PRODUCTS_DIR; };
		22C7A0D92202883F007913CF /* AppDelegate.swift */ = {isa = PBXFileReference; lastKnownFileType = sourcecode.swift; path = AppDelegate.swift; sourceTree = "<group>"; };
		22C7A0DB2202883F007913CF /* ViewController.swift */ = {isa = PBXFileReference; lastKnownFileType = sourcecode.swift; path = ViewController.swift; sourceTree = "<group>"; };
		22C7A0DE2202883F007913CF /* Base */ = {isa = PBXFileReference; lastKnownFileType = file.storyboard; name = Base; path = Base.lproj/Main.storyboard; sourceTree = "<group>"; };
		22C7A0E022028841007913CF /* Assets.xcassets */ = {isa = PBXFileReference; lastKnownFileType = folder.assetcatalog; path = Assets.xcassets; sourceTree = "<group>"; };
		22C7A0E322028841007913CF /* Base */ = {isa = PBXFileReference; lastKnownFileType = file.storyboard; name = Base; path = Base.lproj/LaunchScreen.storyboard; sourceTree = "<group>"; };
		22C7A0E522028841007913CF /* Info.plist */ = {isa = PBXFileReference; lastKnownFileType = text.plist.xml; path = Info.plist; sourceTree = "<group>"; };
		22C7A0EA22028841007913CF /* Hardware_IOSTests.xctest */ = {isa = PBXFileReference; explicitFileType = wrapper.cfbundle; includeInIndex = 0; path = Hardware_IOSTests.xctest; sourceTree = BUILT_PRODUCTS_DIR; };
		22C7A0EE22028841007913CF /* Hardware_IOSTests.swift */ = {isa = PBXFileReference; lastKnownFileType = sourcecode.swift; path = Hardware_IOSTests.swift; sourceTree = "<group>"; };
		22C7A0F022028842007913CF /* Info.plist */ = {isa = PBXFileReference; lastKnownFileType = text.plist.xml; path = Info.plist; sourceTree = "<group>"; };
		22C7A0F522028842007913CF /* Hardware_IOSUITests.xctest */ = {isa = PBXFileReference; explicitFileType = wrapper.cfbundle; includeInIndex = 0; path = Hardware_IOSUITests.xctest; sourceTree = BUILT_PRODUCTS_DIR; };
		22C7A0F922028842007913CF /* Hardware_IOSUITests.swift */ = {isa = PBXFileReference; lastKnownFileType = sourcecode.swift; path = Hardware_IOSUITests.swift; sourceTree = "<group>"; };
		22C7A0FB22028842007913CF /* Info.plist */ = {isa = PBXFileReference; lastKnownFileType = text.plist.xml; path = Info.plist; sourceTree = "<group>"; };
/* End PBXFileReference section */

/* Begin PBXFrameworksBuildPhase section */
		22C7A0D32202883F007913CF /* Frameworks */ = {
			isa = PBXFrameworksBuildPhase;
			buildActionMask = 2147483647;
			files = (
			);
			runOnlyForDeploymentPostprocessing = 0;
		};
		22C7A0E722028841007913CF /* Frameworks */ = {
			isa = PBXFrameworksBuildPhase;
			buildActionMask = 2147483647;
			files = (
			);
			runOnlyForDeploymentPostprocessing = 0;
		};
		22C7A0F222028842007913CF /* Frameworks */ = {
			isa = PBXFrameworksBuildPhase;
			buildActionMask = 2147483647;
			files = (
			);
			runOnlyForDeploymentPostprocessing = 0;
		};
/* End PBXFrameworksBuildPhase section */

/* Begin PBXGroup section */
		22C7A0CD2202883F007913CF = {
			isa = PBXGroup;
			children = (
				22C7A0D82202883F007913CF /* Hardware_IOS */,
				22C7A0ED22028841007913CF /* Hardware_IOSTests */,
				22C7A0F822028842007913CF /* Hardware_IOSUITests */,
				22C7A0D72202883F007913CF /* Products */,
			);
			sourceTree = "<group>";
		};
		22C7A0D72202883F007913CF /* Products */ = {
			isa = PBXGroup;
			children = (
				22C7A0D62202883F007913CF /* Hardware_IOS.app */,
				22C7A0EA22028841007913CF /* Hardware_IOSTests.xctest */,
				22C7A0F522028842007913CF /* Hardware_IOSUITests.xctest */,
			);
			name = Products;
			sourceTree = "<group>";
		};
		22C7A0D82202883F007913CF /* Hardware_IOS */ = {
			isa = PBXGroup;
			children = (
				22C7A0D92202883F007913CF /* AppDelegate.swift */,
				22C7A0DB2202883F007913CF /* ViewController.swift */,
				22C7A0DD2202883F007913CF /* Main.storyboard */,
				22C7A0E022028841007913CF /* Assets.xcassets */,
				22C7A0E222028841007913CF /* LaunchScreen.storyboard */,
				22C7A0E522028841007913CF /* Info.plist */,
			);
			path = Hardware_IOS;
			sourceTree = "<group>";
		};
		22C7A0ED22028841007913CF /* Hardware_IOSTests */ = {
			isa = PBXGroup;
			children = (
				22C7A0EE22028841007913CF /* Hardware_IOSTests.swift */,
				22C7A0F022028842007913CF /* Info.plist */,
			);
			path = Hardware_IOSTests;
			sourceTree = "<group>";
		};
		22C7A0F822028842007913CF /* Hardware_IOSUITests */ = {
			isa = PBXGroup;
			children = (
				22C7A0F922028842007913CF /* Hardware_IOSUITests.swift */,
				22C7A0FB22028842007913CF /* Info.plist */,
			);
			path = Hardware_IOSUITests;
			sourceTree = "<group>";
		};
/* End PBXGroup section */

/* Begin PBXNativeTarget section */
		22C7A0D52202883F007913CF /* Hardware_IOS */ = {
			isa = PBXNativeTarget;
			buildConfigurationList = 22C7A0FE22028842007913CF /* Build configuration list for PBXNativeTarget "Hardware_IOS" */;
			buildPhases = (
				22C7A0D22202883F007913CF /* Sources */,
				22C7A0D32202883F007913CF /* Frameworks */,
				22C7A0D42202883F007913CF /* Resources */,
			);
			buildRules = (
			);
			dependencies = (
			);
			name = Hardware_IOS;
			productName = Hardware_IOS;
			productReference = 22C7A0D62202883F007913CF /* Hardware_IOS.app */;
			productType = "com.apple.product-type.application";
		};
		22C7A0E922028841007913CF /* Hardware_IOSTests */ = {
			isa = PBXNativeTarget;
			buildConfigurationList = 22C7A10122028842007913CF /* Build configuration list for PBXNativeTarget "Hardware_IOSTests" */;
			buildPhases = (
				22C7A0E622028841007913CF /* Sources */,
				22C7A0E722028841007913CF /* Frameworks */,
				22C7A0E822028841007913CF /* Resources */,
			);
			buildRules = (
			);
			dependencies = (
				22C7A0EC22028841007913CF /* PBXTargetDependency */,
			);
			name = Hardware_IOSTests;
			productName = Hardware_IOSTests;
			productReference = 22C7A0EA22028841007913CF /* Hardware_IOSTests.xctest */;
			productType = "com.apple.product-type.bundle.unit-test";
		};
		22C7A0F422028842007913CF /* Hardware_IOSUITests */ = {
			isa = PBXNativeTarget;
			buildConfigurationList = 22C7A10422028842007913CF /* Build configuration list for PBXNativeTarget "Hardware_IOSUITests" */;
			buildPhases = (
				22C7A0F122028842007913CF /* Sources */,
				22C7A0F222028842007913CF /* Frameworks */,
				22C7A0F322028842007913CF /* Resources */,
			);
			buildRules = (
			);
			dependencies = (
				22C7A0F722028842007913CF /* PBXTargetDependency */,
			);
			name = Hardware_IOSUITests;
			productName = Hardware_IOSUITests;
			productReference = 22C7A0F522028842007913CF /* Hardware_IOSUITests.xctest */;
			productType = "com.apple.product-type.bundle.ui-testing";
		};
/* End PBXNativeTarget section */

/* Begin PBXProject section */
		22C7A0CE2202883F007913CF /* Project object */ = {
			isa = PBXProject;
			attributes = {
				LastSwiftUpdateCheck = 0940;
				LastUpgradeCheck = 0940;
				ORGANIZATIONNAME = "Zhongce Ji";
				TargetAttributes = {
					22C7A0D52202883F007913CF = {
						CreatedOnToolsVersion = 9.4.1;
					};
					22C7A0E922028841007913CF = {
						CreatedOnToolsVersion = 9.4.1;
						TestTargetID = 22C7A0D52202883F007913CF;
					};
					22C7A0F422028842007913CF = {
						CreatedOnToolsVersion = 9.4.1;
						TestTargetID = 22C7A0D52202883F007913CF;
					};
				};
			};
			buildConfigurationList = 22C7A0D12202883F007913CF /* Build configuration list for PBXProject "Hardware_IOS" */;
			compatibilityVersion = "Xcode 9.3";
			developmentRegion = en;
			hasScannedForEncodings = 0;
			knownRegions = (
				en,
				Base,
			);
			mainGroup = 22C7A0CD2202883F007913CF;
			productRefGroup = 22C7A0D72202883F007913CF /* Products */;
			projectDirPath = "";
			projectRoot = "";
			targets = (
				22C7A0D52202883F007913CF /* Hardware_IOS */,
				22C7A0E922028841007913CF /* Hardware_IOSTests */,
				22C7A0F422028842007913CF /* Hardware_IOSUITests */,
			);
		};
/* End PBXProject section */

/* Begin PBXResourcesBuildPhase section */
		22C7A0D42202883F007913CF /* Resources */ = {
			isa = PBXResourcesBuildPhase;
			buildActionMask = 2147483647;
			files = (
				22C7A0E422028841007913CF /* LaunchScreen.storyboard in Resources */,
				22C7A0E122028841007913CF /* Assets.xcassets in Resources */,
				22C7A0DF2202883F007913CF /* Main.storyboard in Resources */,
			);
			runOnlyForDeploymentPostprocessing = 0;
		};
		22C7A0E822028841007913CF /* Resources */ = {
			isa = PBXResourcesBuildPhase;
			buildActionMask = 2147483647;
			files = (
			);
			runOnlyForDeploymentPostprocessing = 0;
		};
		22C7A0F322028842007913CF /* Resources */ = {
			isa = PBXResourcesBuildPhase;
			buildActionMask = 2147483647;
			files = (
			);
			runOnlyForDeploymentPostprocessing = 0;
		};
/* End PBXResourcesBuildPhase section */

/* Begin PBXSourcesBuildPhase section */
		22C7A0D22202883F007913CF /* Sources */ = {
			isa = PBXSourcesBuildPhase;
			buildActionMask = 2147483647;
			files = (
				22C7A0DC2202883F007913CF /* ViewController.swift in Sources */,
				22C7A0DA2202883F007913CF /* AppDelegate.swift in Sources */,
			);
			runOnlyForDeploymentPostprocessing = 0;
		};
		22C7A0E622028841007913CF /* Sources */ = {
			isa = PBXSourcesBuildPhase;
			buildActionMask = 2147483647;
			files = (
				22C7A0EF22028841007913CF /* Hardware_IOSTests.swift in Sources */,
			);
			runOnlyForDeploymentPostprocessing = 0;
		};
		22C7A0F122028842007913CF /* Sources */ = {
			isa = PBXSourcesBuildPhase;
			buildActionMask = 2147483647;
			files = (
				22C7A0FA22028842007913CF /* Hardware_IOSUITests.swift in Sources */,
			);
			runOnlyForDeploymentPostprocessing = 0;
		};
/* End PBXSourcesBuildPhase section */

/* Begin PBXTargetDependency section */
		22C7A0EC22028841007913CF /* PBXTargetDependency */ = {
			isa = PBXTargetDependency;
			target = 22C7A0D52202883F007913CF /* Hardware_IOS */;
			targetProxy = 22C7A0EB22028841007913CF /* PBXContainerItemProxy */;
		};
		22C7A0F722028842007913CF /* PBXTargetDependency */ = {
			isa = PBXTargetDependency;
			target = 22C7A0D52202883F007913CF /* Hardware_IOS */;
			targetProxy = 22C7A0F622028842007913CF /* PBXContainerItemProxy */;
		};
/* End PBXTargetDependency section */

/* Begin PBXVariantGroup section */
		22C7A0DD2202883F007913CF /* Main.storyboard */ = {
			isa = PBXVariantGroup;
			children = (
				22C7A0DE2202883F007913CF /* Base */,
			);
			name = Main.storyboard;
			sourceTree = "<group>";
		};
		22C7A0E222028841007913CF /* LaunchScreen.storyboard */ = {
			isa = PBXVariantGroup;
			children = (
				22C7A0E322028841007913CF /* Base */,
			);
			name = LaunchScreen.storyboard;
			sourceTree = "<group>";
		};
/* End PBXVariantGroup section */

/* Begin XCBuildConfiguration section */
		22C7A0FC22028842007913CF /* Debug */ = {
			isa = XCBuildConfiguration;
			buildSettings = {
				ALWAYS_SEARCH_USER_PATHS = NO;
				CLANG_ANALYZER_NONNULL = YES;
				CLANG_ANALYZER_NUMBER_OBJECT_CONVERSION = YES_AGGRESSIVE;
				CLANG_CXX_LANGUAGE_STANDARD = "gnu++14";
				CLANG_CXX_LIBRARY = "libc++";
				CLANG_ENABLE_MODULES = YES;
				CLANG_ENABLE_OBJC_ARC = YES;
				CLANG_ENABLE_OBJC_WEAK = YES;
				CLANG_WARN_BLOCK_CAPTURE_AUTORELEASING = YES;
				CLANG_WARN_BOOL_CONVERSION = YES;
				CLANG_WARN_COMMA = YES;
				CLANG_WARN_CONSTANT_CONVERSION = YES;
				CLANG_WARN_DEPRECATED_OBJC_IMPLEMENTATIONS = YES;
				CLANG_WARN_DIRECT_OBJC_ISA_USAGE = YES_ERROR;
				CLANG_WARN_DOCUMENTATION_COMMENTS = YES;
				CLANG_WARN_EMPTY_BODY = YES;
				CLANG_WARN_ENUM_CONVERSION = YES;
				CLANG_WARN_INFINITE_RECURSION = YES;
				CLANG_WARN_INT_CONVERSION = YES;
				CLANG_WARN_NON_LITERAL_NULL_CONVERSION = YES;
				CLANG_WARN_OBJC_IMPLICIT_RETAIN_SELF = YES;
				CLANG_WARN_OBJC_LITERAL_CONVERSION = YES;
				CLANG_WARN_OBJC_ROOT_CLASS = YES_ERROR;
				CLANG_WARN_RANGE_LOOP_ANALYSIS = YES;
				CLANG_WARN_STRICT_PROTOTYPES = YES;
				CLANG_WARN_SUSPICIOUS_MOVE = YES;
				CLANG_WARN_UNGUARDED_AVAILABILITY = YES_AGGRESSIVE;
				CLANG_WARN_UNREACHABLE_CODE = YES;
				CLANG_WARN__DUPLICATE_METHOD_MATCH = YES;
				CODE_SIGN_IDENTITY = "iPhone Developer";
				COPY_PHASE_STRIP = NO;
				DEBUG_INFORMATION_FORMAT = dwarf;
				ENABLE_STRICT_OBJC_MSGSEND = YES;
				ENABLE_TESTABILITY = YES;
				GCC_C_LANGUAGE_STANDARD = gnu11;
				GCC_DYNAMIC_NO_PIC = NO;
				GCC_NO_COMMON_BLOCKS = YES;
				GCC_OPTIMIZATION_LEVEL = 0;
				GCC_PREPROCESSOR_DEFINITIONS = (
					"DEBUG=1",
					"$(inherited)",
				);
				GCC_WARN_64_TO_32_BIT_CONVERSION = YES;
				GCC_WARN_ABOUT_RETURN_TYPE = YES_ERROR;
				GCC_WARN_UNDECLARED_SELECTOR = YES;
				GCC_WARN_UNINITIALIZED_AUTOS = YES_AGGRESSIVE;
				GCC_WARN_UNUSED_FUNCTION = YES;
				GCC_WARN_UNUSED_VARIABLE = YES;
				IPHONEOS_DEPLOYMENT_TARGET = 11.4;
				MTL_ENABLE_DEBUG_INFO = YES;
				ONLY_ACTIVE_ARCH = YES;
				SDKROOT = iphoneos;
				SWIFT_ACTIVE_COMPILATION_CONDITIONS = DEBUG;
				SWIFT_OPTIMIZATION_LEVEL = "-Onone";
			};
			name = Debug;
		};
		22C7A0FD22028842007913CF /* Release */ = {
			isa = XCBuildConfiguration;
			buildSettings = {
				ALWAYS_SEARCH_USER_PATHS = NO;
				CLANG_ANALYZER_NONNULL = YES;
				CLANG_ANALYZER_NUMBER_OBJECT_CONVERSION = YES_AGGRESSIVE;
				CLANG_CXX_LANGUAGE_STANDARD = "gnu++14";
				CLANG_CXX_LIBRARY = "libc++";
				CLANG_ENABLE_MODULES = YES;
				CLANG_ENABLE_OBJC_ARC = YES;
				CLANG_ENABLE_OBJC_WEAK = YES;
				CLANG_WARN_BLOCK_CAPTURE_AUTORELEASING = YES;
				CLANG_WARN_BOOL_CONVERSION = YES;
				CLANG_WARN_COMMA = YES;
				CLANG_WARN_CONSTANT_CONVERSION = YES;
				CLANG_WARN_DEPRECATED_OBJC_IMPLEMENTATIONS = YES;
				CLANG_WARN_DIRECT_OBJC_ISA_USAGE = YES_ERROR;
				CLANG_WARN_DOCUMENTATION_COMMENTS = YES;
				CLANG_WARN_EMPTY_BODY = YES;
				CLANG_WARN_ENUM_CONVERSION = YES;
				CLANG_WARN_INFINITE_RECURSION = YES;
				CLANG_WARN_INT_CONVERSION = YES;
				CLANG_WARN_NON_LITERAL_NULL_CONVERSION = YES;
				CLANG_WARN_OBJC_IMPLICIT_RETAIN_SELF = YES;
				CLANG_WARN_OBJC_LITERAL_CONVERSION = YES;
				CLANG_WARN_OBJC_ROOT_CLASS = YES_ERROR;
				CLANG_WARN_RANGE_LOOP_ANALYSIS = YES;
				CLANG_WARN_STRICT_PROTOTYPES = YES;
				CLANG_WARN_SUSPICIOUS_MOVE = YES;
				CLANG_WARN_UNGUARDED_AVAILABILITY = YES_AGGRESSIVE;
				CLANG_WARN_UNREACHABLE_CODE = YES;
				CLANG_WARN__DUPLICATE_METHOD_MATCH = YES;
				CODE_SIGN_IDENTITY = "iPhone Developer";
				COPY_PHASE_STRIP = NO;
				DEBUG_INFORMATION_FORMAT = "dwarf-with-dsym";
				ENABLE_NS_ASSERTIONS = NO;
				ENABLE_STRICT_OBJC_MSGSEND = YES;
				GCC_C_LANGUAGE_STANDARD = gnu11;
				GCC_NO_COMMON_BLOCKS = YES;
				GCC_WARN_64_TO_32_BIT_CONVERSION = YES;
				GCC_WARN_ABOUT_RETURN_TYPE = YES_ERROR;
				GCC_WARN_UNDECLARED_SELECTOR = YES;
				GCC_WARN_UNINITIALIZED_AUTOS = YES_AGGRESSIVE;
				GCC_WARN_UNUSED_FUNCTION = YES;
				GCC_WARN_UNUSED_VARIABLE = YES;
				IPHONEOS_DEPLOYMENT_TARGET = 11.4;
				MTL_ENABLE_DEBUG_INFO = NO;
				SDKROOT = iphoneos;
				SWIFT_COMPILATION_MODE = wholemodule;
				SWIFT_OPTIMIZATION_LEVEL = "-O";
				VALIDATE_PRODUCT = YES;
			};
			name = Release;
		};
		22C7A0FF22028842007913CF /* Debug */ = {
			isa = XCBuildConfiguration;
			buildSettings = {
				ASSETCATALOG_COMPILER_APPICON_NAME = AppIcon;
				CODE_SIGN_STYLE = Automatic;
				DEVELOPMENT_TEAM = 553LW3EVSP;
				INFOPLIST_FILE = Hardware_IOS/Info.plist;
				LD_RUNPATH_SEARCH_PATHS = (
					"$(inherited)",
					"@executable_path/Frameworks",
				);
				PRODUCT_BUNDLE_IDENTIFIER = "com.ZhongceJi.Hardware-IOS";
				PRODUCT_NAME = "$(TARGET_NAME)";
				SWIFT_VERSION = 4.0;
				TARGETED_DEVICE_FAMILY = "1,2";
			};
			name = Debug;
		};
		22C7A10022028842007913CF /* Release */ = {
			isa = XCBuildConfiguration;
			buildSettings = {
				ASSETCATALOG_COMPILER_APPICON_NAME = AppIcon;
				CODE_SIGN_STYLE = Automatic;
				DEVELOPMENT_TEAM = 553LW3EVSP;
				INFOPLIST_FILE = Hardware_IOS/Info.plist;
				LD_RUNPATH_SEARCH_PATHS = (
					"$(inherited)",
					"@executable_path/Frameworks",
				);
				PRODUCT_BUNDLE_IDENTIFIER = "com.ZhongceJi.Hardware-IOS";
				PRODUCT_NAME = "$(TARGET_NAME)";
				SWIFT_VERSION = 4.0;
				TARGETED_DEVICE_FAMILY = "1,2";
			};
			name = Release;
		};
		22C7A10222028842007913CF /* Debug */ = {
			isa = XCBuildConfiguration;
			buildSettings = {
				ALWAYS_EMBED_SWIFT_STANDARD_LIBRARIES = YES;
				BUNDLE_LOADER = "$(TEST_HOST)";
				CODE_SIGN_STYLE = Automatic;
				DEVELOPMENT_TEAM = 553LW3EVSP;
				INFOPLIST_FILE = Hardware_IOSTests/Info.plist;
				LD_RUNPATH_SEARCH_PATHS = (
					"$(inherited)",
					"@executable_path/Frameworks",
					"@loader_path/Frameworks",
				);
				PRODUCT_BUNDLE_IDENTIFIER = "com.ZhongceJi.Hardware-IOSTests";
				PRODUCT_NAME = "$(TARGET_NAME)";
				SWIFT_VERSION = 4.0;
				TARGETED_DEVICE_FAMILY = "1,2";
				TEST_HOST = "$(BUILT_PRODUCTS_DIR)/Hardware_IOS.app/Hardware_IOS";
			};
			name = Debug;
		};
		22C7A10322028842007913CF /* Release */ = {
			isa = XCBuildConfiguration;
			buildSettings = {
				ALWAYS_EMBED_SWIFT_STANDARD_LIBRARIES = YES;
				BUNDLE_LOADER = "$(TEST_HOST)";
				CODE_SIGN_STYLE = Automatic;
				DEVELOPMENT_TEAM = 553LW3EVSP;
				INFOPLIST_FILE = Hardware_IOSTests/Info.plist;
				LD_RUNPATH_SEARCH_PATHS = (
					"$(inherited)",
					"@executable_path/Frameworks",
					"@loader_path/Frameworks",
				);
				PRODUCT_BUNDLE_IDENTIFIER = "com.ZhongceJi.Hardware-IOSTests";
				PRODUCT_NAME = "$(TARGET_NAME)";
				SWIFT_VERSION = 4.0;
				TARGETED_DEVICE_FAMILY = "1,2";
				TEST_HOST = "$(BUILT_PRODUCTS_DIR)/Hardware_IOS.app/Hardware_IOS";
			};
			name = Release;
		};
		22C7A10522028842007913CF /* Debug */ = {
			isa = XCBuildConfiguration;
			buildSettings = {
				ALWAYS_EMBED_SWIFT_STANDARD_LIBRARIES = YES;
				CODE_SIGN_STYLE = Automatic;
				DEVELOPMENT_TEAM = 553LW3EVSP;
				INFOPLIST_FILE = Hardware_IOSUITests/Info.plist;
				LD_RUNPATH_SEARCH_PATHS = (
					"$(inherited)",
					"@executable_path/Frameworks",
					"@loader_path/Frameworks",
				);
				PRODUCT_BUNDLE_IDENTIFIER = "com.ZhongceJi.Hardware-IOSUITests";
				PRODUCT_NAME = "$(TARGET_NAME)";
				SWIFT_VERSION = 4.0;
				TARGETED_DEVICE_FAMILY = "1,2";
				TEST_TARGET_NAME = Hardware_IOS;
			};
			name = Debug;
		};
		22C7A10622028842007913CF /* Release */ = {
			isa = XCBuildConfiguration;
			buildSettings = {
				ALWAYS_EMBED_SWIFT_STANDARD_LIBRARIES = YES;
				CODE_SIGN_STYLE = Automatic;
				DEVELOPMENT_TEAM = 553LW3EVSP;
				INFOPLIST_FILE = Hardware_IOSUITests/Info.plist;
				LD_RUNPATH_SEARCH_PATHS = (
					"$(inherited)",
					"@executable_path/Frameworks",
					"@loader_path/Frameworks",
				);
				PRODUCT_BUNDLE_IDENTIFIER = "com.ZhongceJi.Hardware-IOSUITests";
				PRODUCT_NAME = "$(TARGET_NAME)";
				SWIFT_VERSION = 4.0;
				TARGETED_DEVICE_FAMILY = "1,2";
				TEST_TARGET_NAME = Hardware_IOS;
			};
			name = Release;
		};
/* End XCBuildConfiguration section */

/* Begin XCConfigurationList section */
		22C7A0D12202883F007913CF /* Build configuration list for PBXProject "Hardware_IOS" */ = {
			isa = XCConfigurationList;
			buildConfigurations = (
				22C7A0FC22028842007913CF /* Debug */,
				22C7A0FD22028842007913CF /* Release */,
			);
			defaultConfigurationIsVisible = 0;
			defaultConfigurationName = Release;
		};
		22C7A0FE22028842007913CF /* Build configuration list for PBXNativeTarget "Hardware_IOS" */ = {
			isa = XCConfigurationList;
			buildConfigurations = (
				22C7A0FF22028842007913CF /* Debug */,
				22C7A10022028842007913CF /* Release */,
			);
			defaultConfigurationIsVisible = 0;
			defaultConfigurationName = Release;
		};
		22C7A10122028842007913CF /* Build configuration list for PBXNativeTarget "Hardware_IOSTests" */ = {
			isa = XCConfigurationList;
			buildConfigurations = (
				22C7A10222028842007913CF /* Debug */,
				22C7A10322028842007913CF /* Release */,
			);
			defaultConfigurationIsVisible = 0;
			defaultConfigurationName = Release;
		};
		22C7A10422028842007913CF /* Build configuration list for PBXNativeTarget "Hardware_IOSUITests" */ = {
			isa = XCConfigurationList;
			buildConfigurations = (
				22C7A10522028842007913CF /* Debug */,
				22C7A10622028842007913CF /* Release */,
			);
			defaultConfigurationIsVisible = 0;
			defaultConfigurationName = Release;
		};
/* End XCConfigurationList section */
	};
	rootObject = 22C7A0CE2202883F007913CF /* Project object */;
}
